
Microsoft Visual Studio Solution File, Format Version 12.00
# Visual Studio 15
VisualStudioVersion = 15.0.27703.2042
MinimumVisualStudioVersion = 10.0.40219.1
Project("{2150E333-8FDC-42A3-9474-1A3956D46DE8}") = "Core", "Core", "{64335978-3F29-443C-A899-51A618F934AF}"
EndProject
Project("{2150E333-8FDC-42A3-9474-1A3956D46DE8}") = "Presentation", "Presentation", "{4FA6170C-06AA-4837-B603-C82A38379010}"
EndProject
Project("{2150E333-8FDC-42A3-9474-1A3956D46DE8}") = "Infrastructure", "Infrastructure", "{86082802-3B48-49EC-B208-22492C1FF1CF}"
EndProject
Project("{9A19103F-16F7-4668-BE54-9A1E7A4F7556}") = "VehicleTracking.Domain", "VehicleTracking.Domain\VehicleTracking.Domain.csproj", "{CFA73262-4EF9-49C2-AEF8-2F127BB4A0DB}"
EndProject
Project("{9A19103F-16F7-4668-BE54-9A1E7A4F7556}") = "VehicleTracking.Application", "VehicleTracking.Application\VehicleTracking.Application.csproj", "{F8AA9588-657A-4971-B482-E2A85A4D47BF}"
EndProject
Project("{9A19103F-16F7-4668-BE54-9A1E7A4F7556}") = "VehicleTracking.WebApi", "VehicleTracking.WebApi\VehicleTracking.WebApi.csproj", "{C3AA83D0-4510-425C-A62A-A39AF96410FD}"
EndProject
Project("{9A19103F-16F7-4668-BE54-9A1E7A4F7556}") = "VehicleTracking.Infrastructure", "VehicleTracking.Infrastructure\VehicleTracking.Infrastructure.csproj", "{2E19A3D3-1FFF-4899-9873-DBB3D8C3FDF4}"
EndProject
Project("{9A19103F-16F7-4668-BE54-9A1E7A4F7556}") = "VehicleTracking.Persistence", "VehicleTracking.Persistence\VehicleTracking.Persistence.csproj", "{001F0ECE-202D-4035-82A0-BFF0B55441A9}"
EndProject
Project("{2150E333-8FDC-42A3-9474-1A3956D46DE8}") = "Common", "Common", "{62D0A4C4-36D4-4E63-BBB6-CAE5991D8BC1}"
EndProject
Project("{9A19103F-16F7-4668-BE54-9A1E7A4F7556}") = "VehicleTracking.Common", "VehicleTracking.Common\VehicleTracking.Common.csproj", "{B305C9C4-8D2D-4E7A-B29E-26C847208EAE}"
EndProject
Project("{9A19103F-16F7-4668-BE54-9A1E7A4F7556}") = "VehicleTracking.Security", "VehicleTracking.Security\VehicleTracking.Security.csproj", "{3B5A5016-E74D-41F8-AE96-E7C0B6082FCB}"
EndProject
Global
	GlobalSection(SolutionConfigurationPlatforms) = preSolution
		Debug|Any CPU = Debug|Any CPU
		Release|Any CPU = Release|Any CPU
	EndGlobalSection
	GlobalSection(ProjectConfigurationPlatforms) = postSolution
		{CFA73262-4EF9-49C2-AEF8-2F127BB4A0DB}.Debug|Any CPU.ActiveCfg = Debug|Any CPU
		{CFA73262-4EF9-49C2-AEF8-2F127BB4A0DB}.Debug|Any CPU.Build.0 = Debug|Any CPU
		{CFA73262-4EF9-49C2-AEF8-2F127BB4A0DB}.Release|Any CPU.ActiveCfg = Release|Any CPU
		{CFA73262-4EF9-49C2-AEF8-2F127BB4A0DB}.Release|Any CPU.Build.0 = Release|Any CPU
		{F8AA9588-657A-4971-B482-E2A85A4D47BF}.Debug|Any CPU.ActiveCfg = Debug|Any CPU
		{F8AA9588-657A-4971-B482-E2A85A4D47BF}.Debug|Any CPU.Build.0 = Debug|Any CPU
		{F8AA9588-657A-4971-B482-E2A85A4D47BF}.Release|Any CPU.ActiveCfg = Release|Any CPU
		{F8AA9588-657A-4971-B482-E2A85A4D47BF}.Release|Any CPU.Build.0 = Release|Any CPU
		{C3AA83D0-4510-425C-A62A-A39AF96410FD}.Debug|Any CPU.ActiveCfg = Debug|Any CPU
		{C3AA83D0-4510-425C-A62A-A39AF96410FD}.Debug|Any CPU.Build.0 = Debug|Any CPU
		{C3AA83D0-4510-425C-A62A-A39AF96410FD}.Release|Any CPU.ActiveCfg = Release|Any CPU
		{C3AA83D0-4510-425C-A62A-A39AF96410FD}.Release|Any CPU.Build.0 = Release|Any CPU
		{2E19A3D3-1FFF-4899-9873-DBB3D8C3FDF4}.Debug|Any CPU.ActiveCfg = Debug|Any CPU
		{2E19A3D3-1FFF-4899-9873-DBB3D8C3FDF4}.Debug|Any CPU.Build.0 = Debug|Any CPU
		{2E19A3D3-1FFF-4899-9873-DBB3D8C3FDF4}.Release|Any CPU.ActiveCfg = Release|Any CPU
		{2E19A3D3-1FFF-4899-9873-DBB3D8C3FDF4}.Release|Any CPU.Build.0 = Release|Any CPU
		{001F0ECE-202D-4035-82A0-BFF0B55441A9}.Debug|Any CPU.ActiveCfg = Debug|Any CPU
		{001F0ECE-202D-4035-82A0-BFF0B55441A9}.Debug|Any CPU.Build.0 = Debug|Any CPU
		{001F0ECE-202D-4035-82A0-BFF0B55441A9}.Release|Any CPU.ActiveCfg = Release|Any CPU
		{001F0ECE-202D-4035-82A0-BFF0B55441A9}.Release|Any CPU.Build.0 = Release|Any CPU
		{B305C9C4-8D2D-4E7A-B29E-26C847208EAE}.Debug|Any CPU.ActiveCfg = Debug|Any CPU
		{B305C9C4-8D2D-4E7A-B29E-26C847208EAE}.Debug|Any CPU.Build.0 = Debug|Any CPU
		{B305C9C4-8D2D-4E7A-B29E-26C847208EAE}.Release|Any CPU.ActiveCfg = Release|Any CPU
		{B305C9C4-8D2D-4E7A-B29E-26C847208EAE}.Release|Any CPU.Build.0 = Release|Any CPU
		{3B5A5016-E74D-41F8-AE96-E7C0B6082FCB}.Debug|Any CPU.ActiveCfg = Debug|Any CPU
		{3B5A5016-E74D-41F8-AE96-E7C0B6082FCB}.Debug|Any CPU.Build.0 = Debug|Any CPU
		{3B5A5016-E74D-41F8-AE96-E7C0B6082FCB}.Release|Any CPU.ActiveCfg = Release|Any CPU
		{3B5A5016-E74D-41F8-AE96-E7C0B6082FCB}.Release|Any CPU.Build.0 = Release|Any CPU
	EndGlobalSection
	GlobalSection(SolutionProperties) = preSolution
		HideSolutionNode = FALSE
	EndGlobalSection
	GlobalSection(NestedProjects) = preSolution
		{CFA73262-4EF9-49C2-AEF8-2F127BB4A0DB} = {64335978-3F29-443C-A899-51A618F934AF}
		{F8AA9588-657A-4971-B482-E2A85A4D47BF} = {64335978-3F29-443C-A899-51A618F934AF}
		{C3AA83D0-4510-425C-A62A-A39AF96410FD} = {4FA6170C-06AA-4837-B603-C82A38379010}
		{2E19A3D3-1FFF-4899-9873-DBB3D8C3FDF4} = {86082802-3B48-49EC-B208-22492C1FF1CF}
		{001F0ECE-202D-4035-82A0-BFF0B55441A9} = {86082802-3B48-49EC-B208-22492C1FF1CF}
		{B305C9C4-8D2D-4E7A-B29E-26C847208EAE} = {62D0A4C4-36D4-4E63-BBB6-CAE5991D8BC1}
		{3B5A5016-E74D-41F8-AE96-E7C0B6082FCB} = {86082802-3B48-49EC-B208-22492C1FF1CF}
	EndGlobalSection
	GlobalSection(ExtensibilityGlobals) = postSolution
		SolutionGuid = {4F3B3235-147C-4601-A463-7836399BE5F4}
	EndGlobalSection
EndGlobal
